// !$*UTF8*$!
{
	archiveVersion = 1;
	classes = {
	};
	objectVersion = 46;
	objects = {

/* Begin PBXBuildFile section */
		D3B45C711C299E030098071C /* main.m in Sources */ = {isa = PBXBuildFile; fileRef = D3B45C701C299E030098071C /* main.m */; };
		D3B45C791C299E800098071C /* Rectangle.m in Sources */ = {isa = PBXBuildFile; fileRef = D3B45C781C299E800098071C /* Rectangle.m */; };
		D3B45C7C1C299E900098071C /* XYPoint.m in Sources */ = {isa = PBXBuildFile; fileRef = D3B45C7B1C299E900098071C /* XYPoint.m */; };
/* End PBXBuildFile section */

/* Begin PBXCopyFilesBuildPhase section */
		D3B45C6B1C299E030098071C /* CopyFiles */ = {
			isa = PBXCopyFilesBuildPhase;
			buildActionMask = 2147483647;
			dstPath = /usr/share/man/man1/;
			dstSubfolderSpec = 0;
			files = (
			);
			runOnlyForDeploymentPostprocessing = 1;
		};
/* End PBXCopyFilesBuildPhase section */

/* Begin PBXFileReference section */
		D3B45C6D1C299E030098071C /* Program 8.5 */ = {isa = PBXFileReference; explicitFileType = "compiled.mach-o.executable"; includeInIndex = 0; path = "Program 8.5"; sourceTree = BUILT_PRODUCTS_DIR; };
		D3B45C701C299E030098071C /* main.m */ = {isa = PBXFileReference; lastKnownFileType = sourcecode.c.objc; path = main.m; sourceTree = "<group>"; };
		D3B45C771C299E800098071C /* Rectangle.h */ = {isa = PBXFileReference; fileEncoding = 4; lastKnownFileType = sourcecode.c.h; path = Rectangle.h; sourceTree = "<group>"; };
		D3B45C781C299E800098071C /* Rectangle.m */ = {isa = PBXFileReference; fileEncoding = 4; lastKnownFileType = sourcecode.c.objc; path = Rectangle.m; sourceTree = "<group>"; };
		D3B45C7A1C299E900098071C /* XYPoint.h */ = {isa = PBXFileReference; fileEncoding = 4; lastKnownFileType = sourcecode.c.h; path = XYPoint.h; sourceTree = "<group>"; };
		D3B45C7B1C299E900098071C /* XYPoint.m */ = {isa = PBXFileReference; fileEncoding = 4; lastKnownFileType = sourcecode.c.objc; path = XYPoint.m; sourceTree = "<group>"; };
/* End PBXFileReference section */

/* Begin PBXFrameworksBuildPhase section */
		D3B45C6A1C299E030098071C /* Frameworks */ = {
			isa = PBXFrameworksBuildPhase;
			buildActionMask = 2147483647;
			files = (
			);
			runOnlyForDeploymentPostprocessing = 0;
		};
/* End PBXFrameworksBuildPhase section */

/* Begin PBXGroup section */
		D3B45C641C299E030098071C = {
			isa = PBXGroup;
			children = (
				D3B45C6F1C299E030098071C /* Program 8.5 */,
				D3B45C6E1C299E030098071C /* Products */,
			);
			sourceTree = "<group>";
		};
		D3B45C6E1C299E030098071C /* Products */ = {
			isa = PBXGroup;
			children = (
				D3B45C6D1C299E030098071C /* Program 8.5 */,
			);
			name = Products;
			sourceTree = "<group>";
		};
		D3B45C6F1C299E030098071C /* Program 8.5 */ = {
			isa = PBXGroup;
			children = (
				D3B45C701C299E030098071C /* main.m */,
				D3B45C7A1C299E900098071C /* XYPoint.h */,
				D3B45C7B1C299E900098071C /* XYPoint.m */,
				D3B45C771C299E800098071C /* Rectangle.h */,
				D3B45C781C299E800098071C /* Rectangle.m */,
			);
			path = "Program 8.5";
			sourceTree = "<group>";
		};
/* End PBXGroup section */

/* Begin PBXNativeTarget section */
		D3B45C6C1C299E030098071C /* Program 8.5 */ = {
			isa = PBXNativeTarget;
			buildConfigurationList = D3B45C741C299E030098071C /* Build configuration list for PBXNativeTarget "Program 8.5" */;
			buildPhases = (
				D3B45C691C299E030098071C /* Sources */,
				D3B45C6A1C299E030098071C /* Frameworks */,
				D3B45C6B1C299E030098071C /* CopyFiles */,
			);
			buildRules = (
			);
			dependencies = (
			);
			name = "Program 8.5";
			productName = "Program 8.5";
			productReference = D3B45C6D1C299E030098071C /* Program 8.5 */;
			productType = "com.apple.product-type.tool";
		};
/* End PBXNativeTarget section */

/* Begin PBXProject section */
		D3B45C651C299E030098071C /* Project object */ = {
			isa = PBXProject;
			attributes = {
				LastUpgradeCheck = 0720;
				ORGANIZATIONNAME = kongyunpeng;
				TargetAttributes = {
					D3B45C6C1C299E030098071C = {
						CreatedOnToolsVersion = 7.2;
					};
				};
			};
			buildConfigurationList = D3B45C681C299E030098071C /* Build configuration list for PBXProject "Program 8.5" */;
			compatibilityVersion = "Xcode 3.2";
			developmentRegion = English;
			hasScannedForEncodings = 0;
			knownRegions = (
				en,
			);
			mainGroup = D3B45C641C299E030098071C;
			productRefGroup = D3B45C6E1C299E030098071C /* Products */;
			projectDirPath = "";
			projectRoot = "";
			targets = (
				D3B45C6C1C299E030098071C /* Program 8.5 */,
			);
		};
/* End PBXProject section */

/* Begin PBXSourcesBuildPhase section */
		D3B45C691C299E030098071C /* Sources */ = {
			isa = PBXSourcesBuildPhase;
			buildActionMask = 2147483647;
			files = (
				D3B45C711C299E030098071C /* main.m in Sources */,
				D3B45C7C1C299E900098071C /* XYPoint.m in Sources */,
				D3B45C791C299E800098071C /* Rectangle.m in Sources */,
			);
			runOnlyForDeploymentPostprocessing = 0;
		};
/* End PBXSourcesBuildPhase section */

/* Begin XCBuildConfiguration section */
		D3B45C721C299E030098071C /* Debug */ = {
			isa = XCBuildConfiguration;
			buildSettings = {
				ALWAYS_SEARCH_USER_PATHS = NO;
				CLANG_CXX_LANGUAGE_STANDARD = "gnu++0x";
				CLANG_CXX_LIBRARY = "libc++";
				CLANG_ENABLE_MODULES = YES;
				CLANG_ENABLE_OBJC_ARC = YES;
				CLANG_WARN_BOOL_CONVERSION = YES;
				CLANG_WARN_CONSTANT_CONVERSION = YES;
				CLANG_WARN_DIRECT_OBJC_ISA_USAGE = YES_ERROR;
				CLANG_WARN_EMPTY_BODY = YES;
				CLANG_WARN_ENUM_CONVERSION = YES;
				CLANG_WARN_INT_CONVERSION = YES;
				CLANG_WARN_OBJC_ROOT_CLASS = YES_ERROR;
				CLANG_WARN_UNREACHABLE_CODE = YES;
				CLANG_WARN__DUPLICATE_METHOD_MATCH = YES;
				CODE_SIGN_IDENTITY = "-";
				COPY_PHASE_STRIP = NO;
				DEBUG_INFORMATION_FORMAT = dwarf;
				ENABLE_STRICT_OBJC_MSGSEND = YES;
				ENABLE_TESTABILITY = YES;
				GCC_C_LANGUAGE_STANDARD = gnu99;
				GCC_DYNAMIC_NO_PIC = NO;
				GCC_NO_COMMON_BLOCKS = YES;
				GCC_OPTIMIZATION_LEVEL = 0;
				GCC_PREPROCESSOR_DEFINITIONS = (
					"DEBUG=1",
					"$(inherited)",
				);
				GCC_WARN_64_TO_32_BIT_CONVERSION = YES;
				GCC_WARN_ABOUT_RETURN_TYPE = YES_ERROR;
				GCC_WARN_UNDECLARED_SELECTOR = YES;
				GCC_WARN_UNINITIALIZED_AUTOS = YES_AGGRESSIVE;
				GCC_WARN_UNUSED_FUNCTION = YES;
				GCC_WARN_UNUSED_VARIABLE = YES;
				MACOSX_DEPLOYMENT_TARGET = 10.11;
				MTL_ENABLE_DEBUG_INFO = YES;
				ONLY_ACTIVE_ARCH = YES;
				SDKROOT = macosx;
			};
			name = Debug;
		};
		D3B45C731C299E030098071C /* Release */ = {
			isa = XCBuildConfiguration;
			buildSettings = {
				ALWAYS_SEARCH_USER_PATHS = NO;
				CLANG_CXX_LANGUAGE_STANDARD = "gnu++0x";
				CLANG_CXX_LIBRARY = "libc++";
				CLANG_ENABLE_MODULES = YES;
				CLANG_ENABLE_OBJC_ARC = YES;
				CLANG_WARN_BOOL_CONVERSION = YES;
				CLANG_WARN_CONSTANT_CONVERSION = YES;
				CLANG_WARN_DIRECT_OBJC_ISA_USAGE = YES_ERROR;
				CLANG_WARN_EMPTY_BODY = YES;
				CLANG_WARN_ENUM_CONVERSION = YES;
				CLANG_WARN_INT_CONVERSION = YES;
				CLANG_WARN_OBJC_ROOT_CLASS = YES_ERROR;
				CLANG_WARN_UNREACHABLE_CODE = YES;
				CLANG_WARN__DUPLICATE_METHOD_MATCH = YES;
				CODE_SIGN_IDENTITY = "-";
				COPY_PHASE_STRIP = NO;
				DEBUG_INFORMATION_FORMAT = "dwarf-with-dsym";
				ENABLE_NS_ASSERTIONS = NO;
				ENABLE_STRICT_OBJC_MSGSEND = YES;
				GCC_C_LANGUAGE_STANDARD = gnu99;
				GCC_NO_COMMON_BLOCKS = YES;
				GCC_WARN_64_TO_32_BIT_CONVERSION = YES;
				GCC_WARN_ABOUT_RETURN_TYPE = YES_ERROR;
				GCC_WARN_UNDECLARED_SELECTOR = YES;
				GCC_WARN_UNINITIALIZED_AUTOS = YES_AGGRESSIVE;
				GCC_WARN_UNUSED_FUNCTION = YES;
				GCC_WARN_UNUSED_VARIABLE = YES;
				MACOSX_DEPLOYMENT_TARGET = 10.11;
				MTL_ENABLE_DEBUG_INFO = NO;
				SDKROOT = macosx;
			};
			name = Release;
		};
		D3B45C751C299E030098071C /* Debug */ = {
			isa = XCBuildConfiguration;
			buildSettings = {
				PRODUCT_NAME = "$(TARGET_NAME)";
			};
			name = Debug;
		};
		D3B45C761C299E030098071C /* Release */ = {
			isa = XCBuildConfiguration;
			buildSettings = {
				PRODUCT_NAME = "$(TARGET_NAME)";
			};
			name = Release;
		};
/* End XCBuildConfiguration section */

/* Begin XCConfigurationList section */
		D3B45C681C299E030098071C /* Build configuration list for PBXProject "Program 8.5" */ = {
			isa = XCConfigurationList;
			buildConfigurations = (
				D3B45C721C299E030098071C /* Debug */,
				D3B45C731C299E030098071C /* Release */,
			);
			defaultConfigurationIsVisible = 0;
			defaultConfigurationName = Release;
		};
		D3B45C741C299E030098071C /* Build configuration list for PBXNativeTarget "Program 8.5" */ = {
			isa = XCConfigurationList;
			buildConfigurations = (
				D3B45C751C299E030098071C /* Debug */,
				D3B45C761C299E030098071C /* Release */,
			);
			defaultConfigurationIsVisible = 0;
		};
/* End XCConfigurationList section */
	};
	rootObject = D3B45C651C299E030098071C /* Project object */;
}
